// !$*UTF8*$!
{
	archiveVersion = 1;
	classes = {
	};
	objectVersion = 77;
	objects = {

/* Begin PBXContainerItemProxy section */
		C1EEC7E62F313D05BA71CD4F /* PBXContainerItemProxy */ = {
			isa = PBXContainerItemProxy;
			containerPortal = E088A6B7514FDF3034C3F3E7 /* Project object */;
			proxyType = 1;
			remoteGlobalIDString = 156770EF780D3BBD1BBA3834;
			remoteInfo = MenuMacros;
		};
		D2ABE71BF35A0F4C63B70C6E /* PBXContainerItemProxy */ = {
			isa = PBXContainerItemProxy;
			containerPortal = E088A6B7514FDF3034C3F3E7 /* Project object */;
			proxyType = 1;
			remoteGlobalIDString = 156770EF780D3BBD1BBA3834;
			remoteInfo = MenuMacros;
		};
/* End PBXContainerItemProxy section */

/* Begin PBXFileReference section */
		3017498887FF6820922A5DCE /* MenuMacrosTests.xctest */ = {isa = PBXFileReference; includeInIndex = 0; lastKnownFileType = wrapper.cfbundle; path = MenuMacrosTests.xctest; sourceTree = BUILT_PRODUCTS_DIR; };
		48BF7617B8BA3FB549A10282 /* MenuMacros.app */ = {isa = PBXFileReference; includeInIndex = 0; lastKnownFileType = wrapper.application; path = MenuMacros.app; sourceTree = BUILT_PRODUCTS_DIR; };
		D7880C8E252DD7FCBE4CB7CC /* MenuMacrosUITests.xctest */ = {isa = PBXFileReference; includeInIndex = 0; lastKnownFileType = wrapper.cfbundle; path = MenuMacrosUITests.xctest; sourceTree = BUILT_PRODUCTS_DIR; };
/* End PBXFileReference section */

/* Begin PBXFileSystemSynchronizedRootGroup section */
		4F96840DD174E7E73D62AA82 /* MenuMacrosTests */ = {
			isa = PBXFileSystemSynchronizedRootGroup;
			explicitFileTypes = {
			};
			explicitFolders = (
			);
			path = MenuMacrosTests;
			sourceTree = "<group>";
		};
		C2586AAB5E59F4916FB7F6C5 /* MenuMacros */ = {
			isa = PBXFileSystemSynchronizedRootGroup;
			explicitFileTypes = {
			};
			explicitFolders = (
			);
			path = MenuMacros;
			sourceTree = "<group>";
		};
		D9FD96503BB42AB648AA127F /* MenuMacrosUITests */ = {
			isa = PBXFileSystemSynchronizedRootGroup;
			explicitFileTypes = {
			};
			explicitFolders = (
			);
			path = MenuMacrosUITests;
			sourceTree = "<group>";
		};
/* End PBXFileSystemSynchronizedRootGroup section */

/* Begin PBXGroup section */
		A9326835A6E297E8D1441142 /* Products */ = {
			isa = PBXGroup;
			children = (
				48BF7617B8BA3FB549A10282 /* MenuMacros.app */,
				3017498887FF6820922A5DCE /* MenuMacrosTests.xctest */,
				D7880C8E252DD7FCBE4CB7CC /* MenuMacrosUITests.xctest */,
			);
			name = Products;
			sourceTree = "<group>";
		};
		C844FEC307C9C8579C973409 = {
			isa = PBXGroup;
			children = (
				C2586AAB5E59F4916FB7F6C5 /* MenuMacros */,
				4F96840DD174E7E73D62AA82 /* MenuMacrosTests */,
				D9FD96503BB42AB648AA127F /* MenuMacrosUITests */,
				A9326835A6E297E8D1441142 /* Products */,
			);
			sourceTree = "<group>";
		};
/* End PBXGroup section */

/* Begin PBXNativeTarget section */
		156770EF780D3BBD1BBA3834 /* MenuMacros */ = {
			isa = PBXNativeTarget;
			buildConfigurationList = 49F6E30F1A4C35C16BD01C30 /* Build configuration list for PBXNativeTarget "MenuMacros" */;
			buildPhases = (
				09D1A2B85B4C9D428F58FEB8 /* Sources */,
				4EB674AC629423DC03E572F2 /* Resources */,
			);
			buildRules = (
			);
			dependencies = (
			);
			fileSystemSynchronizedGroups = (
				C2586AAB5E59F4916FB7F6C5 /* MenuMacros */,
			);
			name = MenuMacros;
			packageProductDependencies = (
			);
			productName = MenuMacros;
			productReference = 48BF7617B8BA3FB549A10282 /* MenuMacros.app */;
			productType = "com.apple.product-type.application";
		};
		3DD6E18F1BE7565AC4D15A4B /* MenuMacrosUITests */ = {
			isa = PBXNativeTarget;
			buildConfigurationList = 8B6107EE5F7C017D7E8781FB /* Build configuration list for PBXNativeTarget "MenuMacrosUITests" */;
			buildPhases = (
				384C9BFA63E2670D03A375D0 /* Sources */,
				90103F0FA19986FCF564BAED /* Resources */,
			);
			buildRules = (
			);
			dependencies = (
				174AF0883D271BF947A1BDEC /* PBXTargetDependency */,
			);
			fileSystemSynchronizedGroups = (
				D9FD96503BB42AB648AA127F /* MenuMacrosUITests */,
			);
			name = MenuMacrosUITests;
			packageProductDependencies = (
			);
			productName = MenuMacrosUITests;
			productReference = D7880C8E252DD7FCBE4CB7CC /* MenuMacrosUITests.xctest */;
			productType = "com.apple.product-type.bundle.ui-testing";
		};
		A09428E7C48752545AEA2051 /* MenuMacrosTests */ = {
			isa = PBXNativeTarget;
			buildConfigurationList = 25089097006A49373EAF09D1 /* Build configuration list for PBXNativeTarget "MenuMacrosTests" */;
			buildPhases = (
				095E5681F717B422F3BDE65B /* Sources */,
				BCAB0BDB6E0BB0A30E9BD8C6 /* Resources */,
			);
			buildRules = (
			);
			dependencies = (
				AFC40E79B0CE89BD6DD0CE48 /* PBXTargetDependency */,
			);
			fileSystemSynchronizedGroups = (
				4F96840DD174E7E73D62AA82 /* MenuMacrosTests */,
			);
			name = MenuMacrosTests;
			packageProductDependencies = (
			);
			productName = MenuMacrosTests;
			productReference = 3017498887FF6820922A5DCE /* MenuMacrosTests.xctest */;
			productType = "com.apple.product-type.bundle.unit-test";
		};
/* End PBXNativeTarget section */

/* Begin PBXProject section */
		E088A6B7514FDF3034C3F3E7 /* Project object */ = {
			isa = PBXProject;
			attributes = {
				BuildIndependentTargetsInParallel = YES;
				LastUpgradeCheck = 2660;
				TargetAttributes = {
					156770EF780D3BBD1BBA3834 = {
						DevelopmentTeam = S7G6ZHHK59;
						ProvisioningStyle = Automatic;
					};
					3DD6E18F1BE7565AC4D15A4B = {
						DevelopmentTeam = S7G6ZHHK59;
						ProvisioningStyle = Automatic;
						TestTargetID = 156770EF780D3BBD1BBA3834;
					};
					A09428E7C48752545AEA2051 = {
						DevelopmentTeam = S7G6ZHHK59;
						ProvisioningStyle = Automatic;
					};
				};
			};
			buildConfigurationList = C8764334CA5CED2FF57A940D /* Build configuration list for PBXProject "MenuMacros" */;
			developmentRegion = en;
			hasScannedForEncodings = 0;
			knownRegions = (
				Base,
				en,
			);
			mainGroup = C844FEC307C9C8579C973409;
			minimizedProjectReferenceProxies = 1;
			preferredProjectObjectVersion = 77;
			productRefGroup = A9326835A6E297E8D1441142 /* Products */;
			projectDirPath = "";
			projectRoot = "";
			targets = (
				156770EF780D3BBD1BBA3834 /* MenuMacros */,
				A09428E7C48752545AEA2051 /* MenuMacrosTests */,
				3DD6E18F1BE7565AC4D15A4B /* MenuMacrosUITests */,
			);
		};
/* End PBXProject section */

/* Begin PBXResourcesBuildPhase section */
		4EB674AC629423DC03E572F2 /* Resources */ = {
			isa = PBXResourcesBuildPhase;
			buildActionMask = 2147483647;
			files = (
			);
			runOnlyForDeploymentPostprocessing = 0;
		};
		90103F0FA19986FCF564BAED /* Resources */ = {
			isa = PBXResourcesBuildPhase;
			buildActionMask = 2147483647;
			files = (
			);
			runOnlyForDeploymentPostprocessing = 0;
		};
		BCAB0BDB6E0BB0A30E9BD8C6 /* Resources */ = {
			isa = PBXResourcesBuildPhase;
			buildActionMask = 2147483647;
			files = (
			);
			runOnlyForDeploymentPostprocessing = 0;
		};
/* End PBXResourcesBuildPhase section */

/* Begin PBXSourcesBuildPhase section */
		095E5681F717B422F3BDE65B /* Sources */ = {
			isa = PBXSourcesBuildPhase;
			buildActionMask = 2147483647;
			files = (
			);
			runOnlyForDeploymentPostprocessing = 0;
		};
		09D1A2B85B4C9D428F58FEB8 /* Sources */ = {
			isa = PBXSourcesBuildPhase;
			buildActionMask = 2147483647;
			files = (
			);
			runOnlyForDeploymentPostprocessing = 0;
		};
		384C9BFA63E2670D03A375D0 /* Sources */ = {
			isa = PBXSourcesBuildPhase;
			buildActionMask = 2147483647;
			files = (
			);
			runOnlyForDeploymentPostprocessing = 0;
		};
/* End PBXSourcesBuildPhase section */

/* Begin PBXTargetDependency section */
		174AF0883D271BF947A1BDEC /* PBXTargetDependency */ = {
			isa = PBXTargetDependency;
			target = 156770EF780D3BBD1BBA3834 /* MenuMacros */;
			targetProxy = D2ABE71BF35A0F4C63B70C6E /* PBXContainerItemProxy */;
		};
		AFC40E79B0CE89BD6DD0CE48 /* PBXTargetDependency */ = {
			isa = PBXTargetDependency;
			target = 156770EF780D3BBD1BBA3834 /* MenuMacros */;
			targetProxy = C1EEC7E62F313D05BA71CD4F /* PBXContainerItemProxy */;
		};
/* End PBXTargetDependency section */

/* Begin XCBuildConfiguration section */
		09FFE5848A59F4202C617CFA /* Release */ = {
			isa = XCBuildConfiguration;
			buildSettings = {
				BUNDLE_LOADER = "$(TEST_HOST)";
				GENERATE_INFOPLIST_FILE = YES;
				LD_RUNPATH_SEARCH_PATHS = (
					"$(inherited)",
					"@executable_path/Frameworks",
					"@loader_path/Frameworks",
				);
				PRODUCT_BUNDLE_IDENTIFIER = com.amanmarwaha.MenuMacrosUITests;
				SDKROOT = iphoneos;
				TARGETED_DEVICE_FAMILY = 1;
				TEST_TARGET_NAME = MenuMacros;
			};
			name = Release;
		};
		11406FF3EFDCD20B18BF7BB9 /* Release */ = {
			isa = XCBuildConfiguration;
			buildSettings = {
				ASSETCATALOG_COMPILER_APPICON_NAME = AppIcon;
				ASSETCATALOG_COMPILER_GLOBAL_ACCENT_COLOR_NAME = AccentColor;
				CODE_SIGN_IDENTITY = "iPhone Developer";
				CURRENT_PROJECT_VERSION = 1;
				ENABLE_APP_SANDBOX = NO;
				ENABLE_PREVIEWS = YES;
				GENERATE_INFOPLIST_FILE = YES;
				INFOPLIST_KEY_CFBundleDisplayName = "Menu Math";
				INFOPLIST_KEY_UIApplicationSceneManifest_Generation = YES;
				INFOPLIST_KEY_UIApplicationSupportsIndirectInputEvents = YES;
				INFOPLIST_KEY_UILaunchScreen_Generation = YES;
				INFOPLIST_KEY_UISupportedInterfaceOrientations_iPhone = "UIInterfaceOrientationPortrait UIInterfaceOrientationLandscapeLeft UIInterfaceOrientationLandscapeRight";
				LD_RUNPATH_SEARCH_PATHS = (
					"$(inherited)",
					"@executable_path/Frameworks",
				);
				MARKETING_VERSION = 1.0;
				PRODUCT_BUNDLE_IDENTIFIER = com.amanmarwaha.MenuMacros;
				PRODUCT_NAME = MenuMacros;
				SDKROOT = iphoneos;
				SWIFT_APPROACHABLE_CONCURRENCY = YES;
				SWIFT_DEFAULT_ACTOR_ISOLATION = MainActor;
				TARGETED_DEVICE_FAMILY = 1;
			};
			name = Release;
		};
		42302AB6A45F42F5C92BDEBF /* Debug */ = {
			isa = XCBuildConfiguration;
			buildSettings = {
				ALWAYS_SEARCH_USER_PATHS = NO;
				CLANG_ANALYZER_NONNULL = YES;
				CLANG_ANALYZER_NUMBER_OBJECT_CONVERSION = YES_AGGRESSIVE;
				CLANG_CXX_LANGUAGE_STANDARD = "gnu++14";
				CLANG_CXX_LIBRARY = "libc++";
				CLANG_ENABLE_MODULES = YES;
				CLANG_ENABLE_OBJC_ARC = YES;
				CLANG_ENABLE_OBJC_WEAK = YES;
				CLANG_WARN_BLOCK_CAPTURE_AUTORELEASING = YES;
				CLANG_WARN_BOOL_CONVERSION = YES;
				CLANG_WARN_COMMA = YES;
				CLANG_WARN_CONSTANT_CONVERSION = YES;
				CLANG_WARN_DEPRECATED_OBJC_IMPLEMENTATIONS = YES;
				CLANG_WARN_DIRECT_OBJC_ISA_USAGE = YES_ERROR;
				CLANG_WARN_DOCUMENTATION_COMMENTS = YES;
				CLANG_WARN_EMPTY_BODY = YES;
				CLANG_WARN_ENUM_CONVERSION = YES;
				CLANG_WARN_INFINITE_RECURSION = YES;
				CLANG_WARN_INT_CONVERSION = YES;
				CLANG_WARN_NON_LITERAL_NULL_CONVERSION = YES;
				CLANG_WARN_OBJC_IMPLICIT_RETAIN_SELF = YES;
				CLANG_WARN_OBJC_LITERAL_CONVERSION = YES;
				CLANG_WARN_OBJC_ROOT_CLASS = YES_ERROR;
				CLANG_WARN_QUOTED_INCLUDE_IN_FRAMEWORK_HEADER = YES;
				CLANG_WARN_RANGE_LOOP_ANALYSIS = YES;
				CLANG_WARN_STRICT_PROTOTYPES = YES;
				CLANG_WARN_SUSPICIOUS_MOVE = YES;
				CLANG_WARN_UNGUARDED_AVAILABILITY = YES_AGGRESSIVE;
				CLANG_WARN_UNREACHABLE_CODE = YES;
				CLANG_WARN__DUPLICATE_METHOD_MATCH = YES;
				CODE_SIGN_STYLE = Automatic;
				COPY_PHASE_STRIP = NO;
				DEBUG_INFORMATION_FORMAT = dwarf;
				DEVELOPMENT_TEAM = S7G6ZHHK59;
				ENABLE_STRICT_OBJC_MSGSEND = YES;
				ENABLE_TESTABILITY = YES;
				ENABLE_USER_SCRIPT_SANDBOXING = YES;
				GCC_C_LANGUAGE_STANDARD = gnu11;
				GCC_DYNAMIC_NO_PIC = NO;
				GCC_NO_COMMON_BLOCKS = YES;
				GCC_OPTIMIZATION_LEVEL = 0;
				GCC_PREPROCESSOR_DEFINITIONS = (
					"$(inherited)",
					"DEBUG=1",
				);
				GCC_WARN_64_TO_32_BIT_CONVERSION = YES;
				GCC_WARN_ABOUT_RETURN_TYPE = YES_ERROR;
				GCC_WARN_UNDECLARED_SELECTOR = YES;
				GCC_WARN_UNINITIALIZED_AUTOS = YES_AGGRESSIVE;
				GCC_WARN_UNUSED_FUNCTION = YES;
				GCC_WARN_UNUSED_VARIABLE = YES;
				IPHONEOS_DEPLOYMENT_TARGET = 17.0;
				MTL_ENABLE_DEBUG_INFO = INCLUDE_SOURCE;
				MTL_FAST_MATH = YES;
				ONLY_ACTIVE_ARCH = YES;
				PRODUCT_NAME = "$(TARGET_NAME)";
				SDKROOT = iphoneos;
				STRING_CATALOG_GENERATE_SYMBOLS = YES;
				SUPPORTS_MACCATALYST = NO;
				SUPPORTS_MAC_DESIGNED_FOR_IPHONE_IPAD = NO;
				SUPPORTS_XR_DESIGNED_FOR_IPHONE_IPAD = NO;
				SWIFT_ACTIVE_COMPILATION_CONDITIONS = DEBUG;
				SWIFT_OPTIMIZATION_LEVEL = "-Onone";
				SWIFT_STRICT_CONCURRENCY = complete;
				SWIFT_VERSION = 6.0;
				TARGETED_DEVICE_FAMILY = 1;
			};
			name = Debug;
		};
		43534D32BE22B2C4B1E2D77F /* Debug */ = {
			isa = XCBuildConfiguration;
			buildSettings = {
				BUNDLE_LOADER = "$(TEST_HOST)";
				GENERATE_INFOPLIST_FILE = YES;
				LD_RUNPATH_SEARCH_PATHS = (
					"$(inherited)",
					"@executable_path/Frameworks",
					"@loader_path/Frameworks",
				);
				PRODUCT_BUNDLE_IDENTIFIER = com.amanmarwaha.MenuMacrosUITests;
				SDKROOT = iphoneos;
				TARGETED_DEVICE_FAMILY = 1;
				TEST_TARGET_NAME = MenuMacros;
			};
			name = Debug;
		};
		4BB4EC8C97CFFC699AA28716 /* Release */ = {
			isa = XCBuildConfiguration;
			buildSettings = {
				ALWAYS_SEARCH_USER_PATHS = NO;
				CLANG_ANALYZER_NONNULL = YES;
				CLANG_ANALYZER_NUMBER_OBJECT_CONVERSION = YES_AGGRESSIVE;
				CLANG_CXX_LANGUAGE_STANDARD = "gnu++14";
				CLANG_CXX_LIBRARY = "libc++";
				CLANG_ENABLE_MODULES = YES;
				CLANG_ENABLE_OBJC_ARC = YES;
				CLANG_ENABLE_OBJC_WEAK = YES;
				CLANG_WARN_BLOCK_CAPTURE_AUTORELEASING = YES;
				CLANG_WARN_BOOL_CONVERSION = YES;
				CLANG_WARN_COMMA = YES;
				CLANG_WARN_CONSTANT_CONVERSION = YES;
				CLANG_WARN_DEPRECATED_OBJC_IMPLEMENTATIONS = YES;
				CLANG_WARN_DIRECT_OBJC_ISA_USAGE = YES_ERROR;
				CLANG_WARN_DOCUMENTATION_COMMENTS = YES;
				CLANG_WARN_EMPTY_BODY = YES;
				CLANG_WARN_ENUM_CONVERSION = YES;
				CLANG_WARN_INFINITE_RECURSION = YES;
				CLANG_WARN_INT_CONVERSION = YES;
				CLANG_WARN_NON_LITERAL_NULL_CONVERSION = YES;
				CLANG_WARN_OBJC_IMPLICIT_RETAIN_SELF = YES;
				CLANG_WARN_OBJC_LITERAL_CONVERSION = YES;
				CLANG_WARN_OBJC_ROOT_CLASS = YES_ERROR;
				CLANG_WARN_QUOTED_INCLUDE_IN_FRAMEWORK_HEADER = YES;
				CLANG_WARN_RANGE_LOOP_ANALYSIS = YES;
				CLANG_WARN_STRICT_PROTOTYPES = YES;
				CLANG_WARN_SUSPICIOUS_MOVE = YES;
				CLANG_WARN_UNGUARDED_AVAILABILITY = YES_AGGRESSIVE;
				CLANG_WARN_UNREACHABLE_CODE = YES;
				CLANG_WARN__DUPLICATE_METHOD_MATCH = YES;
				CODE_SIGN_STYLE = Automatic;
				COPY_PHASE_STRIP = NO;
				DEBUG_INFORMATION_FORMAT = "dwarf-with-dsym";
				DEVELOPMENT_TEAM = S7G6ZHHK59;
				ENABLE_NS_ASSERTIONS = NO;
				ENABLE_STRICT_OBJC_MSGSEND = YES;
				ENABLE_USER_SCRIPT_SANDBOXING = YES;
				GCC_C_LANGUAGE_STANDARD = gnu11;
				GCC_NO_COMMON_BLOCKS = YES;
				GCC_WARN_64_TO_32_BIT_CONVERSION = YES;
				GCC_WARN_ABOUT_RETURN_TYPE = YES_ERROR;
				GCC_WARN_UNDECLARED_SELECTOR = YES;
				GCC_WARN_UNINITIALIZED_AUTOS = YES_AGGRESSIVE;
				GCC_WARN_UNUSED_FUNCTION = YES;
				GCC_WARN_UNUSED_VARIABLE = YES;
				IPHONEOS_DEPLOYMENT_TARGET = 17.0;
				MTL_ENABLE_DEBUG_INFO = NO;
				MTL_FAST_MATH = YES;
				PRODUCT_NAME = "$(TARGET_NAME)";
				SDKROOT = iphoneos;
				STRING_CATALOG_GENERATE_SYMBOLS = YES;
				SUPPORTS_MACCATALYST = NO;
				SUPPORTS_MAC_DESIGNED_FOR_IPHONE_IPAD = NO;
				SUPPORTS_XR_DESIGNED_FOR_IPHONE_IPAD = NO;
				SWIFT_COMPILATION_MODE = wholemodule;
				SWIFT_OPTIMIZATION_LEVEL = "-O";
				SWIFT_STRICT_CONCURRENCY = complete;
				SWIFT_VERSION = 6.0;
				TARGETED_DEVICE_FAMILY = 1;
			};
			name = Release;
		};
		AEADF149975A21D6030BDDE0 /* Debug */ = {
			isa = XCBuildConfiguration;
			buildSettings = {
				ASSETCATALOG_COMPILER_APPICON_NAME = AppIcon;
				ASSETCATALOG_COMPILER_GLOBAL_ACCENT_COLOR_NAME = AccentColor;
				CODE_SIGN_IDENTITY = "iPhone Developer";
				CURRENT_PROJECT_VERSION = 1;
				ENABLE_APP_SANDBOX = NO;
				ENABLE_PREVIEWS = YES;
				GENERATE_INFOPLIST_FILE = YES;
				INFOPLIST_KEY_CFBundleDisplayName = "Menu Math";
				INFOPLIST_KEY_UIApplicationSceneManifest_Generation = YES;
				INFOPLIST_KEY_UIApplicationSupportsIndirectInputEvents = YES;
				INFOPLIST_KEY_UILaunchScreen_Generation = YES;
				INFOPLIST_KEY_UISupportedInterfaceOrientations_iPhone = "UIInterfaceOrientationPortrait UIInterfaceOrientationLandscapeLeft UIInterfaceOrientationLandscapeRight";
				LD_RUNPATH_SEARCH_PATHS = (
					"$(inherited)",
					"@executable_path/Frameworks",
				);
				MARKETING_VERSION = 1.0;
				PRODUCT_BUNDLE_IDENTIFIER = com.amanmarwaha.MenuMacros;
				PRODUCT_NAME = MenuMacros;
				SDKROOT = iphoneos;
				SWIFT_APPROACHABLE_CONCURRENCY = YES;
				SWIFT_DEFAULT_ACTOR_ISOLATION = MainActor;
				TARGETED_DEVICE_FAMILY = 1;
			};
			name = Debug;
		};
		B77951C255D65109EFEC30F8 /* Release */ = {
			isa = XCBuildConfiguration;
			buildSettings = {
				BUNDLE_LOADER = "$(TEST_HOST)";
				GENERATE_INFOPLIST_FILE = YES;
				LD_RUNPATH_SEARCH_PATHS = (
					"$(inherited)",
					"@executable_path/Frameworks",
					"@loader_path/Frameworks",
				);
				PRODUCT_BUNDLE_IDENTIFIER = com.amanmarwaha.MenuMacrosTests;
				SDKROOT = iphoneos;
				TARGETED_DEVICE_FAMILY = 1;
				TEST_HOST = "$(BUILT_PRODUCTS_DIR)/MenuMacros.app/MenuMacros";
			};
			name = Release;
		};
		D79933A2BF36CB7E6DDA98D1 /* Debug */ = {
			isa = XCBuildConfiguration;
			buildSettings = {
				BUNDLE_LOADER = "$(TEST_HOST)";
				GENERATE_INFOPLIST_FILE = YES;
				LD_RUNPATH_SEARCH_PATHS = (
					"$(inherited)",
					"@executable_path/Frameworks",
					"@loader_path/Frameworks",
				);
				PRODUCT_BUNDLE_IDENTIFIER = com.amanmarwaha.MenuMacrosTests;
				SDKROOT = iphoneos;
				TARGETED_DEVICE_FAMILY = 1;
				TEST_HOST = "$(BUILT_PRODUCTS_DIR)/MenuMacros.app/MenuMacros";
			};
			name = Debug;
		};
/* End XCBuildConfiguration section */

/* Begin XCConfigurationList section */
		25089097006A49373EAF09D1 /* Build configuration list for PBXNativeTarget "MenuMacrosTests" */ = {
			isa = XCConfigurationList;
			buildConfigurations = (
				D79933A2BF36CB7E6DDA98D1 /* Debug */,
				B77951C255D65109EFEC30F8 /* Release */,
			);
			defaultConfigurationIsVisible = 0;
			defaultConfigurationName = Debug;
		};
		49F6E30F1A4C35C16BD01C30 /* Build configuration list for PBXNativeTarget "MenuMacros" */ = {
			isa = XCConfigurationList;
			buildConfigurations = (
				AEADF149975A21D6030BDDE0 /* Debug */,
				11406FF3EFDCD20B18BF7BB9 /* Release */,
			);
			defaultConfigurationIsVisible = 0;
			defaultConfigurationName = Debug;
		};
		8B6107EE5F7C017D7E8781FB /* Build configuration list for PBXNativeTarget "MenuMacrosUITests" */ = {
			isa = XCConfigurationList;
			buildConfigurations = (
				43534D32BE22B2C4B1E2D77F /* Debug */,
				09FFE5848A59F4202C617CFA /* Release */,
			);
			defaultConfigurationIsVisible = 0;
			defaultConfigurationName = Debug;
		};
		C8764334CA5CED2FF57A940D /* Build configuration list for PBXProject "MenuMacros" */ = {
			isa = XCConfigurationList;
			buildConfigurations = (
				42302AB6A45F42F5C92BDEBF /* Debug */,
				4BB4EC8C97CFFC699AA28716 /* Release */,
			);
			defaultConfigurationIsVisible = 0;
			defaultConfigurationName = Debug;
		};
/* End XCConfigurationList section */
	};
	rootObject = E088A6B7514FDF3034C3F3E7 /* Project object */;
}
